// !$*UTF8*$!
{
	archiveVersion = 1;
	classes = {
	};
	objectVersion = 77;
	objects = {

/* Begin PBXBuildFile section */
		C5D731FC2E2EB19500E49590 /* 115_1b1_Ar_sc_Meditron.wav in Resources */ = {isa = PBXBuildFile; fileRef = C5D731F82E2EB19500E49590 /* 115_1b1_Ar_sc_Meditron.wav */; };
		C5D731FD2E2EB19500E49590 /* 116_1b2_Pl_sc_Meditron.wav in Resources */ = {isa = PBXBuildFile; fileRef = C5D731F92E2EB19500E49590 /* 116_1b2_Pl_sc_Meditron.wav */; };
		C5D731FE2E2EB19500E49590 /* 107_2b3_Tc_mc_AKGC417L.wav in Resources */ = {isa = PBXBuildFile; fileRef = C5D731F72E2EB19500E49590 /* 107_2b3_Tc_mc_AKGC417L.wav */; };
		C5D731FF2E2EB19500E49590 /* 123_1b1_Al_sc_Meditron.wav in Resources */ = {isa = PBXBuildFile; fileRef = C5D731FA2E2EB19500E49590 /* 123_1b1_Al_sc_Meditron.wav */; };
		C5D732002E2EB19500E49590 /* 144_1b1_Tc_sc_Meditron.wav in Resources */ = {isa = PBXBuildFile; fileRef = C5D731FB2E2EB19500E49590 /* 144_1b1_Tc_sc_Meditron.wav */; };
		C5D732492E2ED03000E49590 /* PlainPocketFFT in Frameworks */ = {isa = PBXBuildFile; productRef = C5D732482E2ED03000E49590 /* PlainPocketFFT */; };
/* End PBXBuildFile section */

/* Begin PBXContainerItemProxy section */
		C5FFFDA42E25E00A000431FB /* PBXContainerItemProxy */ = {
			isa = PBXContainerItemProxy;
			containerPortal = C5FFFD8E2E25E008000431FB /* Project object */;
			proxyType = 1;
			remoteGlobalIDString = C5FFFD952E25E008000431FB;
			remoteInfo = SoniScope;
		};
		C5FFFDAE2E25E00A000431FB /* PBXContainerItemProxy */ = {
			isa = PBXContainerItemProxy;
			containerPortal = C5FFFD8E2E25E008000431FB /* Project object */;
			proxyType = 1;
			remoteGlobalIDString = C5FFFD952E25E008000431FB;
			remoteInfo = SoniScope;
		};
/* End PBXContainerItemProxy section */

/* Begin PBXFileReference section */
		C5D731F72E2EB19500E49590 /* 107_2b3_Tc_mc_AKGC417L.wav */ = {isa = PBXFileReference; lastKnownFileType = audio.wav; path = 107_2b3_Tc_mc_AKGC417L.wav; sourceTree = "<group>"; };
		C5D731F82E2EB19500E49590 /* 115_1b1_Ar_sc_Meditron.wav */ = {isa = PBXFileReference; lastKnownFileType = audio.wav; path = 115_1b1_Ar_sc_Meditron.wav; sourceTree = "<group>"; };
		C5D731F92E2EB19500E49590 /* 116_1b2_Pl_sc_Meditron.wav */ = {isa = PBXFileReference; lastKnownFileType = audio.wav; path = 116_1b2_Pl_sc_Meditron.wav; sourceTree = "<group>"; };
		C5D731FA2E2EB19500E49590 /* 123_1b1_Al_sc_Meditron.wav */ = {isa = PBXFileReference; lastKnownFileType = audio.wav; path = 123_1b1_Al_sc_Meditron.wav; sourceTree = "<group>"; };
		C5D731FB2E2EB19500E49590 /* 144_1b1_Tc_sc_Meditron.wav */ = {isa = PBXFileReference; lastKnownFileType = audio.wav; path = 144_1b1_Tc_sc_Meditron.wav; sourceTree = "<group>"; };
		C5FFFD962E25E008000431FB /* SoniScope.app */ = {isa = PBXFileReference; explicitFileType = wrapper.application; includeInIndex = 0; path = SoniScope.app; sourceTree = BUILT_PRODUCTS_DIR; };
		C5FFFDA32E25E00A000431FB /* SoniScopeTests.xctest */ = {isa = PBXFileReference; explicitFileType = wrapper.cfbundle; includeInIndex = 0; path = SoniScopeTests.xctest; sourceTree = BUILT_PRODUCTS_DIR; };
		C5FFFDAD2E25E00A000431FB /* SoniScopeUITests.xctest */ = {isa = PBXFileReference; explicitFileType = wrapper.cfbundle; includeInIndex = 0; path = SoniScopeUITests.xctest; sourceTree = BUILT_PRODUCTS_DIR; };
/* End PBXFileReference section */

/* Begin PBXFileSystemSynchronizedBuildFileExceptionSet section */
		C5D732932E304C9500E49590 /* Exceptions for "SoniScope" folder in "SoniScope" target */ = {
			isa = PBXFileSystemSynchronizedBuildFileExceptionSet;
			membershipExceptions = (
				Info.plist,
			);
			target = C5FFFD952E25E008000431FB /* SoniScope */;
		};
/* End PBXFileSystemSynchronizedBuildFileExceptionSet section */

/* Begin PBXFileSystemSynchronizedRootGroup section */
		C5FFFD982E25E008000431FB /* SoniScope */ = {
			isa = PBXFileSystemSynchronizedRootGroup;
			exceptions = (
				C5D732932E304C9500E49590 /* Exceptions for "SoniScope" folder in "SoniScope" target */,
			);
			path = SoniScope;
			sourceTree = "<group>";
		};
		C5FFFDA62E25E00A000431FB /* SoniScopeTests */ = {
			isa = PBXFileSystemSynchronizedRootGroup;
			path = SoniScopeTests;
			sourceTree = "<group>";
		};
		C5FFFDB02E25E00A000431FB /* SoniScopeUITests */ = {
			isa = PBXFileSystemSynchronizedRootGroup;
			path = SoniScopeUITests;
			sourceTree = "<group>";
		};
/* End PBXFileSystemSynchronizedRootGroup section */

/* Begin PBXFrameworksBuildPhase section */
		C5FFFD932E25E008000431FB /* Frameworks */ = {
			isa = PBXFrameworksBuildPhase;
			buildActionMask = 2147483647;
			files = (
				C5D732492E2ED03000E49590 /* PlainPocketFFT in Frameworks */,
			);
			runOnlyForDeploymentPostprocessing = 0;
		};
		C5FFFDA02E25E00A000431FB /* Frameworks */ = {
			isa = PBXFrameworksBuildPhase;
			buildActionMask = 2147483647;
			files = (
			);
			runOnlyForDeploymentPostprocessing = 0;
		};
		C5FFFDAA2E25E00A000431FB /* Frameworks */ = {
			isa = PBXFrameworksBuildPhase;
			buildActionMask = 2147483647;
			files = (
			);
			runOnlyForDeploymentPostprocessing = 0;
		};
/* End PBXFrameworksBuildPhase section */

/* Begin PBXGroup section */
		C5D732472E2ED03000E49590 /* Frameworks */ = {
			isa = PBXGroup;
			children = (
			);
			name = Frameworks;
			sourceTree = "<group>";
		};
		C5FFFD8D2E25E008000431FB = {
			isa = PBXGroup;
			children = (
				C5D731F72E2EB19500E49590 /* 107_2b3_Tc_mc_AKGC417L.wav */,
				C5D731F82E2EB19500E49590 /* 115_1b1_Ar_sc_Meditron.wav */,
				C5D731F92E2EB19500E49590 /* 116_1b2_Pl_sc_Meditron.wav */,
				C5D731FA2E2EB19500E49590 /* 123_1b1_Al_sc_Meditron.wav */,
				C5D731FB2E2EB19500E49590 /* 144_1b1_Tc_sc_Meditron.wav */,
				C5FFFD982E25E008000431FB /* SoniScope */,
				C5FFFDA62E25E00A000431FB /* SoniScopeTests */,
				C5FFFDB02E25E00A000431FB /* SoniScopeUITests */,
				C5D732472E2ED03000E49590 /* Frameworks */,
				C5FFFD972E25E008000431FB /* Products */,
			);
			sourceTree = "<group>";
		};
		C5FFFD972E25E008000431FB /* Products */ = {
			isa = PBXGroup;
			children = (
				C5FFFD962E25E008000431FB /* SoniScope.app */,
				C5FFFDA32E25E00A000431FB /* SoniScopeTests.xctest */,
				C5FFFDAD2E25E00A000431FB /* SoniScopeUITests.xctest */,
			);
			name = Products;
			sourceTree = "<group>";
		};
/* End PBXGroup section */

/* Begin PBXNativeTarget section */
		C5FFFD952E25E008000431FB /* SoniScope */ = {
			isa = PBXNativeTarget;
			buildConfigurationList = C5FFFDB72E25E00A000431FB /* Build configuration list for PBXNativeTarget "SoniScope" */;
			buildPhases = (
				C5FFFD922E25E008000431FB /* Sources */,
				C5FFFD932E25E008000431FB /* Frameworks */,
				C5FFFD942E25E008000431FB /* Resources */,
			);
			buildRules = (
			);
			dependencies = (
			);
			fileSystemSynchronizedGroups = (
				C5FFFD982E25E008000431FB /* SoniScope */,
			);
			name = SoniScope;
			packageProductDependencies = (
				C5D732482E2ED03000E49590 /* PlainPocketFFT */,
			);
			productName = SoniScope;
			productReference = C5FFFD962E25E008000431FB /* SoniScope.app */;
			productType = "com.apple.product-type.application";
		};
		C5FFFDA22E25E00A000431FB /* SoniScopeTests */ = {
			isa = PBXNativeTarget;
			buildConfigurationList = C5FFFDBA2E25E00A000431FB /* Build configuration list for PBXNativeTarget "SoniScopeTests" */;
			buildPhases = (
				C5FFFD9F2E25E00A000431FB /* Sources */,
				C5FFFDA02E25E00A000431FB /* Frameworks */,
				C5FFFDA12E25E00A000431FB /* Resources */,
			);
			buildRules = (
			);
			dependencies = (
				C5FFFDA52E25E00A000431FB /* PBXTargetDependency */,
			);
			fileSystemSynchronizedGroups = (
				C5FFFDA62E25E00A000431FB /* SoniScopeTests */,
			);
			name = SoniScopeTests;
			packageProductDependencies = (
			);
			productName = SoniScopeTests;
			productReference = C5FFFDA32E25E00A000431FB /* SoniScopeTests.xctest */;
			productType = "com.apple.product-type.bundle.unit-test";
		};
		C5FFFDAC2E25E00A000431FB /* SoniScopeUITests */ = {
			isa = PBXNativeTarget;
			buildConfigurationList = C5FFFDBD2E25E00A000431FB /* Build configuration list for PBXNativeTarget "SoniScopeUITests" */;
			buildPhases = (
				C5FFFDA92E25E00A000431FB /* Sources */,
				C5FFFDAA2E25E00A000431FB /* Frameworks */,
				C5FFFDAB2E25E00A000431FB /* Resources */,
			);
			buildRules = (
			);
			dependencies = (
				C5FFFDAF2E25E00A000431FB /* PBXTargetDependency */,
			);
			fileSystemSynchronizedGroups = (
				C5FFFDB02E25E00A000431FB /* SoniScopeUITests */,
			);
			name = SoniScopeUITests;
			packageProductDependencies = (
			);
			productName = SoniScopeUITests;
			productReference = C5FFFDAD2E25E00A000431FB /* SoniScopeUITests.xctest */;
			productType = "com.apple.product-type.bundle.ui-testing";
		};
/* End PBXNativeTarget section */

/* Begin PBXProject section */
		C5FFFD8E2E25E008000431FB /* Project object */ = {
			isa = PBXProject;
			attributes = {
				BuildIndependentTargetsInParallel = 1;
				LastSwiftUpdateCheck = 1640;
				LastUpgradeCheck = 1640;
				TargetAttributes = {
					C5FFFD952E25E008000431FB = {
						CreatedOnToolsVersion = 16.4;
					};
					C5FFFDA22E25E00A000431FB = {
						CreatedOnToolsVersion = 16.4;
						TestTargetID = C5FFFD952E25E008000431FB;
					};
					C5FFFDAC2E25E00A000431FB = {
						CreatedOnToolsVersion = 16.4;
						TestTargetID = C5FFFD952E25E008000431FB;
					};
				};
			};
			buildConfigurationList = C5FFFD912E25E008000431FB /* Build configuration list for PBXProject "SoniScope" */;
			developmentRegion = en;
			hasScannedForEncodings = 0;
			knownRegions = (
				en,
				Base,
			);
			mainGroup = C5FFFD8D2E25E008000431FB;
			minimizedProjectReferenceProxies = 1;
			packageReferences = (
				C5D732462E2ED02800E49590 /* XCRemoteSwiftPackageReference "plain-pocketfft" */,
			);
			preferredProjectObjectVersion = 77;
			productRefGroup = C5FFFD972E25E008000431FB /* Products */;
			projectDirPath = "";
			projectRoot = "";
			targets = (
				C5FFFD952E25E008000431FB /* SoniScope */,
				C5FFFDA22E25E00A000431FB /* SoniScopeTests */,
				C5FFFDAC2E25E00A000431FB /* SoniScopeUITests */,
			);
		};
/* End PBXProject section */

/* Begin PBXResourcesBuildPhase section */
		C5FFFD942E25E008000431FB /* Resources */ = {
			isa = PBXResourcesBuildPhase;
			buildActionMask = 2147483647;
			files = (
				C5D731FC2E2EB19500E49590 /* 115_1b1_Ar_sc_Meditron.wav in Resources */,
				C5D731FD2E2EB19500E49590 /* 116_1b2_Pl_sc_Meditron.wav in Resources */,
				C5D731FE2E2EB19500E49590 /* 107_2b3_Tc_mc_AKGC417L.wav in Resources */,
				C5D731FF2E2EB19500E49590 /* 123_1b1_Al_sc_Meditron.wav in Resources */,
				C5D732002E2EB19500E49590 /* 144_1b1_Tc_sc_Meditron.wav in Resources */,
			);
			runOnlyForDeploymentPostprocessing = 0;
		};
		C5FFFDA12E25E00A000431FB /* Resources */ = {
			isa = PBXResourcesBuildPhase;
			buildActionMask = 2147483647;
			files = (
			);
			runOnlyForDeploymentPostprocessing = 0;
		};
		C5FFFDAB2E25E00A000431FB /* Resources */ = {
			isa = PBXResourcesBuildPhase;
			buildActionMask = 2147483647;
			files = (
			);
			runOnlyForDeploymentPostprocessing = 0;
		};
/* End PBXResourcesBuildPhase section */

/* Begin PBXSourcesBuildPhase section */
		C5FFFD922E25E008000431FB /* Sources */ = {
			isa = PBXSourcesBuildPhase;
			buildActionMask = 2147483647;
			files = (
			);
			runOnlyForDeploymentPostprocessing = 0;
		};
		C5FFFD9F2E25E00A000431FB /* Sources */ = {
			isa = PBXSourcesBuildPhase;
			buildActionMask = 2147483647;
			files = (
			);
			runOnlyForDeploymentPostprocessing = 0;
		};
		C5FFFDA92E25E00A000431FB /* Sources */ = {
			isa = PBXSourcesBuildPhase;
			buildActionMask = 2147483647;
			files = (
			);
			runOnlyForDeploymentPostprocessing = 0;
		};
/* End PBXSourcesBuildPhase section */

/* Begin PBXTargetDependency section */
		C5FFFDA52E25E00A000431FB /* PBXTargetDependency */ = {
			isa = PBXTargetDependency;
			target = C5FFFD952E25E008000431FB /* SoniScope */;
			targetProxy = C5FFFDA42E25E00A000431FB /* PBXContainerItemProxy */;
		};
		C5FFFDAF2E25E00A000431FB /* PBXTargetDependency */ = {
			isa = PBXTargetDependency;
			target = C5FFFD952E25E008000431FB /* SoniScope */;
			targetProxy = C5FFFDAE2E25E00A000431FB /* PBXContainerItemProxy */;
		};
/* End PBXTargetDependency section */

/* Begin XCBuildConfiguration section */
		C5FFFDB52E25E00A000431FB /* Debug */ = {
			isa = XCBuildConfiguration;
			buildSettings = {
				ALWAYS_SEARCH_USER_PATHS = NO;
				ASSETCATALOG_COMPILER_GENERATE_SWIFT_ASSET_SYMBOL_EXTENSIONS = YES;
				CLANG_ANALYZER_NONNULL = YES;
				CLANG_ANALYZER_NUMBER_OBJECT_CONVERSION = YES_AGGRESSIVE;
				CLANG_CXX_LANGUAGE_STANDARD = "gnu++20";
				CLANG_ENABLE_MODULES = YES;
				CLANG_ENABLE_OBJC_ARC = YES;
				CLANG_ENABLE_OBJC_WEAK = YES;
				CLANG_WARN_BLOCK_CAPTURE_AUTORELEASING = YES;
				CLANG_WARN_BOOL_CONVERSION = YES;
				CLANG_WARN_COMMA = YES;
				CLANG_WARN_CONSTANT_CONVERSION = YES;
				CLANG_WARN_DEPRECATED_OBJC_IMPLEMENTATIONS = YES;
				CLANG_WARN_DIRECT_OBJC_ISA_USAGE = YES_ERROR;
				CLANG_WARN_DOCUMENTATION_COMMENTS = YES;
				CLANG_WARN_EMPTY_BODY = YES;
				CLANG_WARN_ENUM_CONVERSION = YES;
				CLANG_WARN_INFINITE_RECURSION = YES;
				CLANG_WARN_INT_CONVERSION = YES;
				CLANG_WARN_NON_LITERAL_NULL_CONVERSION = YES;
				CLANG_WARN_OBJC_IMPLICIT_RETAIN_SELF = YES;
				CLANG_WARN_OBJC_LITERAL_CONVERSION = YES;
				CLANG_WARN_OBJC_ROOT_CLASS = YES_ERROR;
				CLANG_WARN_QUOTED_INCLUDE_IN_FRAMEWORK_HEADER = YES;
				CLANG_WARN_RANGE_LOOP_ANALYSIS = YES;
				CLANG_WARN_STRICT_PROTOTYPES = YES;
				CLANG_WARN_SUSPICIOUS_MOVE = YES;
				CLANG_WARN_UNGUARDED_AVAILABILITY = YES_AGGRESSIVE;
				CLANG_WARN_UNREACHABLE_CODE = YES;
				CLANG_WARN__DUPLICATE_METHOD_MATCH = YES;
				COPY_PHASE_STRIP = NO;
				DEBUG_INFORMATION_FORMAT = dwarf;
				ENABLE_STRICT_OBJC_MSGSEND = YES;
				ENABLE_TESTABILITY = YES;
				ENABLE_USER_SCRIPT_SANDBOXING = YES;
				GCC_C_LANGUAGE_STANDARD = gnu17;
				GCC_DYNAMIC_NO_PIC = NO;
				GCC_NO_COMMON_BLOCKS = YES;
				GCC_OPTIMIZATION_LEVEL = 0;
				GCC_PREPROCESSOR_DEFINITIONS = (
					"DEBUG=1",
					"$(inherited)",
				);
				GCC_WARN_64_TO_32_BIT_CONVERSION = YES;
				GCC_WARN_ABOUT_RETURN_TYPE = YES_ERROR;
				GCC_WARN_UNDECLARED_SELECTOR = YES;
				GCC_WARN_UNINITIALIZED_AUTOS = YES_AGGRESSIVE;
				GCC_WARN_UNUSED_FUNCTION = YES;
				GCC_WARN_UNUSED_VARIABLE = YES;
				IPHONEOS_DEPLOYMENT_TARGET = 18.5;
				LOCALIZATION_PREFERS_STRING_CATALOGS = YES;
				MTL_ENABLE_DEBUG_INFO = INCLUDE_SOURCE;
				MTL_FAST_MATH = YES;
				ONLY_ACTIVE_ARCH = YES;
				SDKROOT = iphoneos;
				SWIFT_ACTIVE_COMPILATION_CONDITIONS = "DEBUG $(inherited)";
				SWIFT_OPTIMIZATION_LEVEL = "-Onone";
			};
			name = Debug;
		};
		C5FFFDB62E25E00A000431FB /* Release */ = {
			isa = XCBuildConfiguration;
			buildSettings = {
				ALWAYS_SEARCH_USER_PATHS = NO;
				ASSETCATALOG_COMPILER_GENERATE_SWIFT_ASSET_SYMBOL_EXTENSIONS = YES;
				CLANG_ANALYZER_NONNULL = YES;
				CLANG_ANALYZER_NUMBER_OBJECT_CONVERSION = YES_AGGRESSIVE;
				CLANG_CXX_LANGUAGE_STANDARD = "gnu++20";
				CLANG_ENABLE_MODULES = YES;
				CLANG_ENABLE_OBJC_ARC = YES;
				CLANG_ENABLE_OBJC_WEAK = YES;
				CLANG_WARN_BLOCK_CAPTURE_AUTORELEASING = YES;
				CLANG_WARN_BOOL_CONVERSION = YES;
				CLANG_WARN_COMMA = YES;
				CLANG_WARN_CONSTANT_CONVERSION = YES;
				CLANG_WARN_DEPRECATED_OBJC_IMPLEMENTATIONS = YES;
				CLANG_WARN_DIRECT_OBJC_ISA_USAGE = YES_ERROR;
				CLANG_WARN_DOCUMENTATION_COMMENTS = YES;
				CLANG_WARN_EMPTY_BODY = YES;
				CLANG_WARN_ENUM_CONVERSION = YES;
				CLANG_WARN_INFINITE_RECURSION = YES;
				CLANG_WARN_INT_CONVERSION = YES;
				CLANG_WARN_NON_LITERAL_NULL_CONVERSION = YES;
				CLANG_WARN_OBJC_IMPLICIT_RETAIN_SELF = YES;
				CLANG_WARN_OBJC_LITERAL_CONVERSION = YES;
				CLANG_WARN_OBJC_ROOT_CLASS = YES_ERROR;
				CLANG_WARN_QUOTED_INCLUDE_IN_FRAMEWORK_HEADER = YES;
				CLANG_WARN_RANGE_LOOP_ANALYSIS = YES;
				CLANG_WARN_STRICT_PROTOTYPES = YES;
				CLANG_WARN_SUSPICIOUS_MOVE = YES;
				CLANG_WARN_UNGUARDED_AVAILABILITY = YES_AGGRESSIVE;
				CLANG_WARN_UNREACHABLE_CODE = YES;
				CLANG_WARN__DUPLICATE_METHOD_MATCH = YES;
				COPY_PHASE_STRIP = NO;
				DEBUG_INFORMATION_FORMAT = "dwarf-with-dsym";
				ENABLE_NS_ASSERTIONS = NO;
				ENABLE_STRICT_OBJC_MSGSEND = YES;
				ENABLE_USER_SCRIPT_SANDBOXING = YES;
				GCC_C_LANGUAGE_STANDARD = gnu17;
				GCC_NO_COMMON_BLOCKS = YES;
				GCC_WARN_64_TO_32_BIT_CONVERSION = YES;
				GCC_WARN_ABOUT_RETURN_TYPE = YES_ERROR;
				GCC_WARN_UNDECLARED_SELECTOR = YES;
				GCC_WARN_UNINITIALIZED_AUTOS = YES_AGGRESSIVE;
				GCC_WARN_UNUSED_FUNCTION = YES;
				GCC_WARN_UNUSED_VARIABLE = YES;
				IPHONEOS_DEPLOYMENT_TARGET = 18.5;
				LOCALIZATION_PREFERS_STRING_CATALOGS = YES;
				MTL_ENABLE_DEBUG_INFO = NO;
				MTL_FAST_MATH = YES;
				SDKROOT = iphoneos;
				SWIFT_COMPILATION_MODE = wholemodule;
				VALIDATE_PRODUCT = YES;
			};
			name = Release;
		};
		C5FFFDB82E25E00A000431FB /* Debug */ = {
			isa = XCBuildConfiguration;
			buildSettings = {
				ASSETCATALOG_COMPILER_APPICON_NAME = AppIcon;
				ASSETCATALOG_COMPILER_GLOBAL_ACCENT_COLOR_NAME = AccentColor;
				CODE_SIGN_ENTITLEMENTS = SoniScope/SoniScope.entitlements;
				CODE_SIGN_STYLE = Automatic;
				CURRENT_PROJECT_VERSION = 1;
				DEVELOPMENT_TEAM = 43BU72Z6G6;
				ENABLE_PREVIEWS = YES;
				GENERATE_INFOPLIST_FILE = YES;
				INFOPLIST_FILE = SoniScope/Info.plist;
				INFOPLIST_KEY_NSHealthShareUsageDescription = "This app reads your health data to personalize your profile.";
				INFOPLIST_KEY_UIApplicationSceneManifest_Generation = YES;
				INFOPLIST_KEY_UIApplicationSupportsIndirectInputEvents = YES;
				INFOPLIST_KEY_UILaunchScreen_Generation = YES;
				INFOPLIST_KEY_UISupportedInterfaceOrientations = UIInterfaceOrientationPortrait;
				INFOPLIST_KEY_UISupportedInterfaceOrientations_iPad = "UIInterfaceOrientationPortrait UIInterfaceOrientationPortraitUpsideDown UIInterfaceOrientationLandscapeLeft UIInterfaceOrientationLandscapeRight";
				INFOPLIST_KEY_UISupportedInterfaceOrientations_iPhone = "UIInterfaceOrientationPortrait UIInterfaceOrientationLandscapeLeft UIInterfaceOrientationLandscapeRight";
				LD_RUNPATH_SEARCH_PATHS = (
					"$(inherited)",
					"@executable_path/Frameworks",
				);
				MARKETING_VERSION = 1.0;
				PRODUCT_BUNDLE_IDENTIFIER = venkat.SoniScope;
				PRODUCT_NAME = "$(TARGET_NAME)";
				SWIFT_EMIT_LOC_STRINGS = YES;
				SWIFT_VERSION = 5.0;
				TARGETED_DEVICE_FAMILY = "1,2";
			};
			name = Debug;
		};
		C5FFFDB92E25E00A000431FB /* Release */ = {
			isa = XCBuildConfiguration;
			buildSettings = {
				ASSETCATALOG_COMPILER_APPICON_NAME = AppIcon;
				ASSETCATALOG_COMPILER_GLOBAL_ACCENT_COLOR_NAME = AccentColor;
				CODE_SIGN_ENTITLEMENTS = SoniScope/SoniScope.entitlements;
				CODE_SIGN_STYLE = Automatic;
				CURRENT_PROJECT_VERSION = 1;
				DEVELOPMENT_TEAM = 43BU72Z6G6;
				ENABLE_PREVIEWS = YES;
				GENERATE_INFOPLIST_FILE = YES;
				INFOPLIST_FILE = SoniScope/Info.plist;
				INFOPLIST_KEY_NSHealthShareUsageDescription = "This app reads your health data to personalize your profile.";
				INFOPLIST_KEY_UIApplicationSceneManifest_Generation = YES;
				INFOPLIST_KEY_UIApplicationSupportsIndirectInputEvents = YES;
				INFOPLIST_KEY_UILaunchScreen_Generation = YES;
				INFOPLIST_KEY_UISupportedInterfaceOrientations = UIInterfaceOrientationPortrait;
				INFOPLIST_KEY_UISupportedInterfaceOrientations_iPad = "UIInterfaceOrientationPortrait UIInterfaceOrientationPortraitUpsideDown UIInterfaceOrientationLandscapeLeft UIInterfaceOrientationLandscapeRight";
				INFOPLIST_KEY_UISupportedInterfaceOrientations_iPhone = "UIInterfaceOrientationPortrait UIInterfaceOrientationLandscapeLeft UIInterfaceOrientationLandscapeRight";
				LD_RUNPATH_SEARCH_PATHS = (
					"$(inherited)",
					"@executable_path/Frameworks",
				);
				MARKETING_VERSION = 1.0;
				PRODUCT_BUNDLE_IDENTIFIER = venkat.SoniScope;
				PRODUCT_NAME = "$(TARGET_NAME)";
				SWIFT_EMIT_LOC_STRINGS = YES;
				SWIFT_VERSION = 5.0;
				TARGETED_DEVICE_FAMILY = "1,2";
			};
			name = Release;
		};
		C5FFFDBB2E25E00A000431FB /* Debug */ = {
			isa = XCBuildConfiguration;
			buildSettings = {
				BUNDLE_LOADER = "$(TEST_HOST)";
				CODE_SIGN_STYLE = Automatic;
				CURRENT_PROJECT_VERSION = 1;
				GENERATE_INFOPLIST_FILE = YES;
				IPHONEOS_DEPLOYMENT_TARGET = 18.5;
				MARKETING_VERSION = 1.0;
				PRODUCT_BUNDLE_IDENTIFIER = chiling.SoniScopeTests;
				PRODUCT_NAME = "$(TARGET_NAME)";
				SWIFT_EMIT_LOC_STRINGS = NO;
				SWIFT_VERSION = 5.0;
				TARGETED_DEVICE_FAMILY = "1,2";
				TEST_HOST = "$(BUILT_PRODUCTS_DIR)/SoniScope.app/$(BUNDLE_EXECUTABLE_FOLDER_PATH)/SoniScope";
			};
			name = Debug;
		};
		C5FFFDBC2E25E00A000431FB /* Release */ = {
			isa = XCBuildConfiguration;
			buildSettings = {
				BUNDLE_LOADER = "$(TEST_HOST)";
				CODE_SIGN_STYLE = Automatic;
				CURRENT_PROJECT_VERSION = 1;
				GENERATE_INFOPLIST_FILE = YES;
				IPHONEOS_DEPLOYMENT_TARGET = 18.5;
				MARKETING_VERSION = 1.0;
				PRODUCT_BUNDLE_IDENTIFIER = chiling.SoniScopeTests;
				PRODUCT_NAME = "$(TARGET_NAME)";
				SWIFT_EMIT_LOC_STRINGS = NO;
				SWIFT_VERSION = 5.0;
				TARGETED_DEVICE_FAMILY = "1,2";
				TEST_HOST = "$(BUILT_PRODUCTS_DIR)/SoniScope.app/$(BUNDLE_EXECUTABLE_FOLDER_PATH)/SoniScope";
			};
			name = Release;
		};
		C5FFFDBE2E25E00A000431FB /* Debug */ = {
			isa = XCBuildConfiguration;
			buildSettings = {
				CODE_SIGN_STYLE = Automatic;
				CURRENT_PROJECT_VERSION = 1;
				GENERATE_INFOPLIST_FILE = YES;
				MARKETING_VERSION = 1.0;
				PRODUCT_BUNDLE_IDENTIFIER = chiling.SoniScopeUITests;
				PRODUCT_NAME = "$(TARGET_NAME)";
				SWIFT_EMIT_LOC_STRINGS = NO;
				SWIFT_VERSION = 5.0;
				TARGETED_DEVICE_FAMILY = "1,2";
				TEST_TARGET_NAME = SoniScope;
			};
			name = Debug;
		};
		C5FFFDBF2E25E00A000431FB /* Release */ = {
			isa = XCBuildConfiguration;
			buildSettings = {
				CODE_SIGN_STYLE = Automatic;
				CURRENT_PROJECT_VERSION = 1;
				GENERATE_INFOPLIST_FILE = YES;
				MARKETING_VERSION = 1.0;
				PRODUCT_BUNDLE_IDENTIFIER = chiling.SoniScopeUITests;
				PRODUCT_NAME = "$(TARGET_NAME)";
				SWIFT_EMIT_LOC_STRINGS = NO;
				SWIFT_VERSION = 5.0;
				TARGETED_DEVICE_FAMILY = "1,2";
				TEST_TARGET_NAME = SoniScope;
			};
			name = Release;
		};
/* End XCBuildConfiguration section */

/* Begin XCConfigurationList section */
		C5FFFD912E25E008000431FB /* Build configuration list for PBXProject "SoniScope" */ = {
			isa = XCConfigurationList;
			buildConfigurations = (
				C5FFFDB52E25E00A000431FB /* Debug */,
				C5FFFDB62E25E00A000431FB /* Release */,
			);
			defaultConfigurationIsVisible = 0;
			defaultConfigurationName = Release;
		};
		C5FFFDB72E25E00A000431FB /* Build configuration list for PBXNativeTarget "SoniScope" */ = {
			isa = XCConfigurationList;
			buildConfigurations = (
				C5FFFDB82E25E00A000431FB /* Debug */,
				C5FFFDB92E25E00A000431FB /* Release */,
			);
			defaultConfigurationIsVisible = 0;
			defaultConfigurationName = Release;
		};
		C5FFFDBA2E25E00A000431FB /* Build configuration list for PBXNativeTarget "SoniScopeTests" */ = {
			isa = XCConfigurationList;
			buildConfigurations = (
				C5FFFDBB2E25E00A000431FB /* Debug */,
				C5FFFDBC2E25E00A000431FB /* Release */,
			);
			defaultConfigurationIsVisible = 0;
			defaultConfigurationName = Release;
		};
		C5FFFDBD2E25E00A000431FB /* Build configuration list for PBXNativeTarget "SoniScopeUITests" */ = {
			isa = XCConfigurationList;
			buildConfigurations = (
				C5FFFDBE2E25E00A000431FB /* Debug */,
				C5FFFDBF2E25E00A000431FB /* Release */,
			);
			defaultConfigurationIsVisible = 0;
			defaultConfigurationName = Release;
		};
/* End XCConfigurationList section */

/* Begin XCRemoteSwiftPackageReference section */
		C5D732462E2ED02800E49590 /* XCRemoteSwiftPackageReference "plain-pocketfft" */ = {
			isa = XCRemoteSwiftPackageReference;
			repositoryURL = "https://github.com/dhrebeniuk/plain-pocketfft";
			requirement = {
				kind = upToNextMajorVersion;
				minimumVersion = 0.0.9;
			};
		};
/* End XCRemoteSwiftPackageReference section */

/* Begin XCSwiftPackageProductDependency section */
		C5D732482E2ED03000E49590 /* PlainPocketFFT */ = {
			isa = XCSwiftPackageProductDependency;
			package = C5D732462E2ED02800E49590 /* XCRemoteSwiftPackageReference "plain-pocketfft" */;
			productName = PlainPocketFFT;
		};
/* End XCSwiftPackageProductDependency section */
	};
	rootObject = C5FFFD8E2E25E008000431FB /* Project object */;
}
