{
  "originHash" : "150e1edb3a1363cd2eafc693f9795863e6afc5256c13f9f1499c4d114042f28a",
  "pins" : [
    {
      "identity" : "plain-pocketfft",
      "kind" : "remoteSourceControl",
      "location" : "https://github.com/dhrebeniuk/plain-pocketfft.git",
      "state" : {
        "revision" : "b9633be41ad61e40a93f58abafed9fb5e281ed18",
        "version" : "0.0.9"
      }
    },
    {
      "identity" : "pocketfft",
      "kind" : "remoteSourceControl",
      "location" : "https://github.com/dhrebeniuk/pocketfft.git",
      "state" : {
        "revision" : "f7f2ac6085d9123ab130bb8daebcc11acd72d52c",
        "version" : "0.0.1"
      }
    },
    {
      "identity" : "rosakit",
      "kind" : "remoteSourceControl",
      "location" : "https://github.com/dhrebeniuk/RosaKit",
      "state" : {
        "revision" : "47aa0f5a2a6cc1fbc6f18f5734fb6fde0bda6215",
        "version" : "0.0.11"
      }
    }
  ],
  "version" : 3
}
